
Microsoft Visual Studio Solution File, Format Version 12.00
# Visual Studio Version 17
VisualStudioVersion = 17.11.35312.102
MinimumVisualStudioVersion = 10.0.40219.1
Project("{FAE04EC0-301F-11D3-BF4B-00C04F79EFBC}") = "ListInt", "ListInt\ListInt.csproj", "{CE404842-1060-49CC-8255-44652DA34562}"
EndProject
Global
	GlobalSection(SolutionConfigurationPlatforms) = preSolution
		Debug|Any CPU = Debug|Any CPU
		Release|Any CPU = Release|Any CPU
	EndGlobalSection
	GlobalSection(ProjectConfigurationPlatforms) = postSolution
		{CE404842-1060-49CC-8255-44652DA34562}.Debug|Any CPU.ActiveCfg = Debug|Any CPU
		{CE404842-1060-49CC-8255-44652DA34562}.Debug|Any CPU.Build.0 = Debug|Any CPU
		{CE404842-1060-49CC-8255-44652DA34562}.Release|Any CPU.ActiveCfg = Release|Any CPU
		{CE404842-1060-49CC-8255-44652DA34562}.Release|Any CPU.Build.0 = Release|Any CPU
	EndGlobalSection
	GlobalSection(SolutionProperties) = preSolution
		HideSolutionNode = FALSE
	EndGlobalSection
	GlobalSection(ExtensibilityGlobals) = postSolution
		SolutionGuid = {CED2CCDD-C7C2-4593-AA37-F0388514ED12}
	EndGlobalSection
EndGlobal
