
Microsoft Visual Studio Solution File, Format Version 12.00
# Visual Studio Version 17
VisualStudioVersion = 17.11.35312.102
MinimumVisualStudioVersion = 10.0.40219.1
Project("{FAE04EC0-301F-11D3-BF4B-00C04F79EFBC}") = "TodoApp", "TodoApp\TodoApp.csproj", "{12A769A5-5E41-452D-9EB2-6F54DB32C0FF}"
EndProject
Global
	GlobalSection(SolutionConfigurationPlatforms) = preSolution
		Debug|Any CPU = Debug|Any CPU
		Release|Any CPU = Release|Any CPU
	EndGlobalSection
	GlobalSection(ProjectConfigurationPlatforms) = postSolution
		{12A769A5-5E41-452D-9EB2-6F54DB32C0FF}.Debug|Any CPU.ActiveCfg = Debug|Any CPU
		{12A769A5-5E41-452D-9EB2-6F54DB32C0FF}.Debug|Any CPU.Build.0 = Debug|Any CPU
		{12A769A5-5E41-452D-9EB2-6F54DB32C0FF}.Release|Any CPU.ActiveCfg = Release|Any CPU
		{12A769A5-5E41-452D-9EB2-6F54DB32C0FF}.Release|Any CPU.Build.0 = Release|Any CPU
	EndGlobalSection
	GlobalSection(SolutionProperties) = preSolution
		HideSolutionNode = FALSE
	EndGlobalSection
	GlobalSection(ExtensibilityGlobals) = postSolution
		SolutionGuid = {E2FAA882-2BA2-4103-8E31-38922BDA1D47}
	EndGlobalSection
EndGlobal
