
Microsoft Visual Studio Solution File, Format Version 12.00
# Visual Studio Version 17
VisualStudioVersion = 17.11.35312.102
MinimumVisualStudioVersion = 10.0.40219.1
Project("{FAE04EC0-301F-11D3-BF4B-00C04F79EFBC}") = "Classİnheritance", "Classİnheritance\Classİnheritance.csproj", "{75BFDC7C-07B0-4064-B908-1F583E77B565}"
EndProject
Global
	GlobalSection(SolutionConfigurationPlatforms) = preSolution
		Debug|Any CPU = Debug|Any CPU
		Release|Any CPU = Release|Any CPU
	EndGlobalSection
	GlobalSection(ProjectConfigurationPlatforms) = postSolution
		{75BFDC7C-07B0-4064-B908-1F583E77B565}.Debug|Any CPU.ActiveCfg = Debug|Any CPU
		{75BFDC7C-07B0-4064-B908-1F583E77B565}.Debug|Any CPU.Build.0 = Debug|Any CPU
		{75BFDC7C-07B0-4064-B908-1F583E77B565}.Release|Any CPU.ActiveCfg = Release|Any CPU
		{75BFDC7C-07B0-4064-B908-1F583E77B565}.Release|Any CPU.Build.0 = Release|Any CPU
	EndGlobalSection
	GlobalSection(SolutionProperties) = preSolution
		HideSolutionNode = FALSE
	EndGlobalSection
	GlobalSection(ExtensibilityGlobals) = postSolution
		SolutionGuid = {C9BE7493-529C-4282-B78B-4333FF4DCC41}
	EndGlobalSection
EndGlobal
